
Microsoft Visual Studio Solution File, Format Version 12.00
# Visual Studio Version 17
VisualStudioVersion = 17.8.34330.188
MinimumVisualStudioVersion = 10.0.40219.1
Project("{9A19103F-16F7-4668-BE54-9A1E7A4F7556}") = "SeniorConnect", "SeniorConnect\SeniorConnect.csproj", "{64E670A7-2EC8-4C7F-B856-FA5F1BE07DA5}"
	ProjectSection(ProjectDependencies) = postProject
		{F0215E58-0FFE-4A67-B1FB-2F818E372F32} = {F0215E58-0FFE-4A67-B1FB-2F818E372F32}
	EndProjectSection
EndProject
Project("{9A19103F-16F7-4668-BE54-9A1E7A4F7556}") = "SeniorConnect.API", "SeniorConnect.API\SeniorConnect.API.csproj", "{F0215E58-0FFE-4A67-B1FB-2F818E372F32}"
EndProject
Project("{9A19103F-16F7-4668-BE54-9A1E7A4F7556}") = "UnitTestSeniorConnect", "UnitTestSeniotConnect\UnitTestSeniorConnect.csproj", "{C8F1D172-CD99-4A55-8B9F-9DCC40B889B6}"
EndProject
Global
	GlobalSection(SolutionConfigurationPlatforms) = preSolution
		Debug|Any CPU = Debug|Any CPU
		Release|Any CPU = Release|Any CPU
	EndGlobalSection
	GlobalSection(ProjectConfigurationPlatforms) = postSolution
		{64E670A7-2EC8-4C7F-B856-FA5F1BE07DA5}.Debug|Any CPU.ActiveCfg = Debug|Any CPU
		{64E670A7-2EC8-4C7F-B856-FA5F1BE07DA5}.Debug|Any CPU.Build.0 = Debug|Any CPU
		{64E670A7-2EC8-4C7F-B856-FA5F1BE07DA5}.Release|Any CPU.ActiveCfg = Release|Any CPU
		{64E670A7-2EC8-4C7F-B856-FA5F1BE07DA5}.Release|Any CPU.Build.0 = Release|Any CPU
		{F0215E58-0FFE-4A67-B1FB-2F818E372F32}.Debug|Any CPU.ActiveCfg = Debug|Any CPU
		{F0215E58-0FFE-4A67-B1FB-2F818E372F32}.Debug|Any CPU.Build.0 = Debug|Any CPU
		{F0215E58-0FFE-4A67-B1FB-2F818E372F32}.Release|Any CPU.ActiveCfg = Release|Any CPU
		{F0215E58-0FFE-4A67-B1FB-2F818E372F32}.Release|Any CPU.Build.0 = Release|Any CPU
		{C8F1D172-CD99-4A55-8B9F-9DCC40B889B6}.Debug|Any CPU.ActiveCfg = Debug|Any CPU
		{C8F1D172-CD99-4A55-8B9F-9DCC40B889B6}.Debug|Any CPU.Build.0 = Debug|Any CPU
		{C8F1D172-CD99-4A55-8B9F-9DCC40B889B6}.Release|Any CPU.ActiveCfg = Release|Any CPU
		{C8F1D172-CD99-4A55-8B9F-9DCC40B889B6}.Release|Any CPU.Build.0 = Release|Any CPU
	EndGlobalSection
	GlobalSection(SolutionProperties) = preSolution
		HideSolutionNode = FALSE
	EndGlobalSection
	GlobalSection(ExtensibilityGlobals) = postSolution
		SolutionGuid = {BC208443-ED10-4B4E-8EE8-0296EB1DA7E6}
	EndGlobalSection
EndGlobal
